
Microsoft Visual Studio Solution File, Format Version 12.00
# Visual Studio Version 16
VisualStudioVersion = 16.0.31005.135
MinimumVisualStudioVersion = 10.0.40219.1
Project("{FAE04EC0-301F-11D3-BF4B-00C04F79EFBC}") = "WindowsFormsApp5", "WindowsFormsApp5\WindowsFormsApp5.csproj", "{C0345271-65B9-4ACB-AA8D-A6FEB1F974B0}"
EndProject
Global
	GlobalSection(SolutionConfigurationPlatforms) = preSolution
		Debug|Any CPU = Debug|Any CPU
		Release|Any CPU = Release|Any CPU
	EndGlobalSection
	GlobalSection(ProjectConfigurationPlatforms) = postSolution
		{C0345271-65B9-4ACB-AA8D-A6FEB1F974B0}.Debug|Any CPU.ActiveCfg = Debug|Any CPU
		{C0345271-65B9-4ACB-AA8D-A6FEB1F974B0}.Debug|Any CPU.Build.0 = Debug|Any CPU
		{C0345271-65B9-4ACB-AA8D-A6FEB1F974B0}.Release|Any CPU.ActiveCfg = Release|Any CPU
		{C0345271-65B9-4ACB-AA8D-A6FEB1F974B0}.Release|Any CPU.Build.0 = Release|Any CPU
	EndGlobalSection
	GlobalSection(SolutionProperties) = preSolution
		HideSolutionNode = FALSE
	EndGlobalSection
	GlobalSection(ExtensibilityGlobals) = postSolution
		SolutionGuid = {46954126-34EC-471C-A72E-764F53556177}
	EndGlobalSection
EndGlobal
